// !$*UTF8*$!
{
	archiveVersion = 1;
	classes = {
	};
	objectVersion = 56;
	objects = {

/* Begin PBXBuildFile section */
		FA0587212B974B1400A1F9C5 /* Welcome.swift in Sources */ = {isa = PBXBuildFile; fileRef = FA0587202B974B1400A1F9C5 /* Welcome.swift */; };
		FA0587232B979F7300A1F9C5 /* HomeView.swift in Sources */ = {isa = PBXBuildFile; fileRef = FA0587222B979F7300A1F9C5 /* HomeView.swift */; };
		FA11F8B62B982BB300C69531 /* NotesModel.swift in Sources */ = {isa = PBXBuildFile; fileRef = FA11F8B52B982BB300C69531 /* NotesModel.swift */; };
		FA11F8B82B982D4E00C69531 /* NotesStore.swift in Sources */ = {isa = PBXBuildFile; fileRef = FA11F8B72B982D4E00C69531 /* NotesStore.swift */; };
		FA7C1E942B9F4405005E2E59 /* AddNoteView.swift in Sources */ = {isa = PBXBuildFile; fileRef = FA7C1E932B9F4405005E2E59 /* AddNoteView.swift */; };
		FA7C1E992B9F4F3A005E2E59 /* Router.swift in Sources */ = {isa = PBXBuildFile; fileRef = FA7C1E982B9F4F3A005E2E59 /* Router.swift */; };
		FA7C1E9B2BA097BE005E2E59 /* NoteCard.swift in Sources */ = {isa = PBXBuildFile; fileRef = FA7C1E9A2BA097BE005E2E59 /* NoteCard.swift */; };
		FAD72CD02B89DE3100EFACDD /* NotesApp.swift in Sources */ = {isa = PBXBuildFile; fileRef = FAD72CCF2B89DE3100EFACDD /* NotesApp.swift */; };
		FAD72CD22B89DE3100EFACDD /* ContentView.swift in Sources */ = {isa = PBXBuildFile; fileRef = FAD72CD12B89DE3100EFACDD /* ContentView.swift */; };
		FAD72CD42B89DE3400EFACDD /* Assets.xcassets in Resources */ = {isa = PBXBuildFile; fileRef = FAD72CD32B89DE3400EFACDD /* Assets.xcassets */; };
		FAD72CD72B89DE3400EFACDD /* Preview Assets.xcassets in Resources */ = {isa = PBXBuildFile; fileRef = FAD72CD62B89DE3400EFACDD /* Preview Assets.xcassets */; };
		FAD72CE02B89E0E000EFACDD /* IntroView.swift in Sources */ = {isa = PBXBuildFile; fileRef = FAD72CDF2B89E0E000EFACDD /* IntroView.swift */; };
/* End PBXBuildFile section */

/* Begin PBXFileReference section */
		FA0587202B974B1400A1F9C5 /* Welcome.swift */ = {isa = PBXFileReference; lastKnownFileType = sourcecode.swift; path = Welcome.swift; sourceTree = "<group>"; };
		FA0587222B979F7300A1F9C5 /* HomeView.swift */ = {isa = PBXFileReference; lastKnownFileType = sourcecode.swift; path = HomeView.swift; sourceTree = "<group>"; };
		FA11F8B52B982BB300C69531 /* NotesModel.swift */ = {isa = PBXFileReference; lastKnownFileType = sourcecode.swift; path = NotesModel.swift; sourceTree = "<group>"; };
		FA11F8B72B982D4E00C69531 /* NotesStore.swift */ = {isa = PBXFileReference; lastKnownFileType = sourcecode.swift; path = NotesStore.swift; sourceTree = "<group>"; };
		FA7C1E932B9F4405005E2E59 /* AddNoteView.swift */ = {isa = PBXFileReference; lastKnownFileType = sourcecode.swift; path = AddNoteView.swift; sourceTree = "<group>"; };
		FA7C1E982B9F4F3A005E2E59 /* Router.swift */ = {isa = PBXFileReference; lastKnownFileType = sourcecode.swift; path = Router.swift; sourceTree = "<group>"; };
		FA7C1E9A2BA097BE005E2E59 /* NoteCard.swift */ = {isa = PBXFileReference; lastKnownFileType = sourcecode.swift; path = NoteCard.swift; sourceTree = "<group>"; };
		FAD72CCC2B89DE3100EFACDD /* Notes.app */ = {isa = PBXFileReference; explicitFileType = wrapper.application; includeInIndex = 0; path = Notes.app; sourceTree = BUILT_PRODUCTS_DIR; };
		FAD72CCF2B89DE3100EFACDD /* NotesApp.swift */ = {isa = PBXFileReference; lastKnownFileType = sourcecode.swift; path = NotesApp.swift; sourceTree = "<group>"; };
		FAD72CD12B89DE3100EFACDD /* ContentView.swift */ = {isa = PBXFileReference; lastKnownFileType = sourcecode.swift; path = ContentView.swift; sourceTree = "<group>"; };
		FAD72CD32B89DE3400EFACDD /* Assets.xcassets */ = {isa = PBXFileReference; lastKnownFileType = folder.assetcatalog; path = Assets.xcassets; sourceTree = "<group>"; };
		FAD72CD62B89DE3400EFACDD /* Preview Assets.xcassets */ = {isa = PBXFileReference; lastKnownFileType = folder.assetcatalog; path = "Preview Assets.xcassets"; sourceTree = "<group>"; };
		FAD72CDF2B89E0E000EFACDD /* IntroView.swift */ = {isa = PBXFileReference; lastKnownFileType = sourcecode.swift; path = IntroView.swift; sourceTree = "<group>"; };
/* End PBXFileReference section */

/* Begin PBXFrameworksBuildPhase section */
		FAD72CC92B89DE3100EFACDD /* Frameworks */ = {
			isa = PBXFrameworksBuildPhase;
			buildActionMask = 2147483647;
			files = (
			);
			runOnlyForDeploymentPostprocessing = 0;
		};
/* End PBXFrameworksBuildPhase section */

/* Begin PBXGroup section */
		FA7C1E952B9F44E9005E2E59 /* utils */ = {
			isa = PBXGroup;
			children = (
				FA7C1E982B9F4F3A005E2E59 /* Router.swift */,
			);
			path = utils;
			sourceTree = "<group>";
		};
		FAD72CC32B89DE3100EFACDD = {
			isa = PBXGroup;
			children = (
				FAD72CCE2B89DE3100EFACDD /* Notes */,
				FAD72CCD2B89DE3100EFACDD /* Products */,
			);
			sourceTree = "<group>";
		};
		FAD72CCD2B89DE3100EFACDD /* Products */ = {
			isa = PBXGroup;
			children = (
				FAD72CCC2B89DE3100EFACDD /* Notes.app */,
			);
			name = Products;
			sourceTree = "<group>";
		};
		FAD72CCE2B89DE3100EFACDD /* Notes */ = {
			isa = PBXGroup;
			children = (
				FA7C1E952B9F44E9005E2E59 /* utils */,
				FAD72CDE2B89DFA500EFACDD /* model */,
				FAD72CDD2B89DF9400EFACDD /* view */,
				FAD72CD32B89DE3400EFACDD /* Assets.xcassets */,
				FAD72CD52B89DE3400EFACDD /* Preview Content */,
			);
			path = Notes;
			sourceTree = "<group>";
		};
		FAD72CD52B89DE3400EFACDD /* Preview Content */ = {
			isa = PBXGroup;
			children = (
				FAD72CD62B89DE3400EFACDD /* Preview Assets.xcassets */,
			);
			path = "Preview Content";
			sourceTree = "<group>";
		};
		FAD72CDD2B89DF9400EFACDD /* view */ = {
			isa = PBXGroup;
			children = (
				FAD72CCF2B89DE3100EFACDD /* NotesApp.swift */,
				FAD72CD12B89DE3100EFACDD /* ContentView.swift */,
				FAD72CDF2B89E0E000EFACDD /* IntroView.swift */,
				FA0587202B974B1400A1F9C5 /* Welcome.swift */,
				FA0587222B979F7300A1F9C5 /* HomeView.swift */,
				FA7C1E932B9F4405005E2E59 /* AddNoteView.swift */,
				FA7C1E9A2BA097BE005E2E59 /* NoteCard.swift */,
			);
			path = view;
			sourceTree = "<group>";
		};
		FAD72CDE2B89DFA500EFACDD /* model */ = {
			isa = PBXGroup;
			children = (
				FA11F8B52B982BB300C69531 /* NotesModel.swift */,
				FA11F8B72B982D4E00C69531 /* NotesStore.swift */,
			);
			path = model;
			sourceTree = "<group>";
		};
/* End PBXGroup section */

/* Begin PBXNativeTarget section */
		FAD72CCB2B89DE3100EFACDD /* Notes */ = {
			isa = PBXNativeTarget;
			buildConfigurationList = FAD72CDA2B89DE3400EFACDD /* Build configuration list for PBXNativeTarget "Notes" */;
			buildPhases = (
				FAD72CC82B89DE3100EFACDD /* Sources */,
				FAD72CC92B89DE3100EFACDD /* Frameworks */,
				FAD72CCA2B89DE3100EFACDD /* Resources */,
			);
			buildRules = (
			);
			dependencies = (
			);
			name = Notes;
			productName = Notes;
			productReference = FAD72CCC2B89DE3100EFACDD /* Notes.app */;
			productType = "com.apple.product-type.application";
		};
/* End PBXNativeTarget section */

/* Begin PBXProject section */
		FAD72CC42B89DE3100EFACDD /* Project object */ = {
			isa = PBXProject;
			attributes = {
				BuildIndependentTargetsInParallel = 1;
				LastSwiftUpdateCheck = 1520;
				LastUpgradeCheck = 1520;
				TargetAttributes = {
					FAD72CCB2B89DE3100EFACDD = {
						CreatedOnToolsVersion = 15.2;
					};
				};
			};
			buildConfigurationList = FAD72CC72B89DE3100EFACDD /* Build configuration list for PBXProject "Notes" */;
			compatibilityVersion = "Xcode 14.0";
			developmentRegion = en;
			hasScannedForEncodings = 0;
			knownRegions = (
				en,
				Base,
			);
			mainGroup = FAD72CC32B89DE3100EFACDD;
			productRefGroup = FAD72CCD2B89DE3100EFACDD /* Products */;
			projectDirPath = "";
			projectRoot = "";
			targets = (
				FAD72CCB2B89DE3100EFACDD /* Notes */,
			);
		};
/* End PBXProject section */

/* Begin PBXResourcesBuildPhase section */
		FAD72CCA2B89DE3100EFACDD /* Resources */ = {
			isa = PBXResourcesBuildPhase;
			buildActionMask = 2147483647;
			files = (
				FAD72CD72B89DE3400EFACDD /* Preview Assets.xcassets in Resources */,
				FAD72CD42B89DE3400EFACDD /* Assets.xcassets in Resources */,
			);
			runOnlyForDeploymentPostprocessing = 0;
		};
/* End PBXResourcesBuildPhase section */

/* Begin PBXSourcesBuildPhase section */
		FAD72CC82B89DE3100EFACDD /* Sources */ = {
			isa = PBXSourcesBuildPhase;
			buildActionMask = 2147483647;
			files = (
				FA0587212B974B1400A1F9C5 /* Welcome.swift in Sources */,
				FAD72CD22B89DE3100EFACDD /* ContentView.swift in Sources */,
				FAD72CD02B89DE3100EFACDD /* NotesApp.swift in Sources */,
				FA0587232B979F7300A1F9C5 /* HomeView.swift in Sources */,
				FA7C1E992B9F4F3A005E2E59 /* Router.swift in Sources */,
				FAD72CE02B89E0E000EFACDD /* IntroView.swift in Sources */,
				FA11F8B62B982BB300C69531 /* NotesModel.swift in Sources */,
				FA7C1E9B2BA097BE005E2E59 /* NoteCard.swift in Sources */,
				FA7C1E942B9F4405005E2E59 /* AddNoteView.swift in Sources */,
				FA11F8B82B982D4E00C69531 /* NotesStore.swift in Sources */,
			);
			runOnlyForDeploymentPostprocessing = 0;
		};
/* End PBXSourcesBuildPhase section */

/* Begin XCBuildConfiguration section */
		FAD72CD82B89DE3400EFACDD /* Debug */ = {
			isa = XCBuildConfiguration;
			buildSettings = {
				ALWAYS_SEARCH_USER_PATHS = NO;
				ASSETCATALOG_COMPILER_GENERATE_SWIFT_ASSET_SYMBOL_EXTENSIONS = YES;
				CLANG_ANALYZER_NONNULL = YES;
				CLANG_ANALYZER_NUMBER_OBJECT_CONVERSION = YES_AGGRESSIVE;
				CLANG_CXX_LANGUAGE_STANDARD = "gnu++20";
				CLANG_ENABLE_MODULES = YES;
				CLANG_ENABLE_OBJC_ARC = YES;
				CLANG_ENABLE_OBJC_WEAK = YES;
				CLANG_WARN_BLOCK_CAPTURE_AUTORELEASING = YES;
				CLANG_WARN_BOOL_CONVERSION = YES;
				CLANG_WARN_COMMA = YES;
				CLANG_WARN_CONSTANT_CONVERSION = YES;
				CLANG_WARN_DEPRECATED_OBJC_IMPLEMENTATIONS = YES;
				CLANG_WARN_DIRECT_OBJC_ISA_USAGE = YES_ERROR;
				CLANG_WARN_DOCUMENTATION_COMMENTS = YES;
				CLANG_WARN_EMPTY_BODY = YES;
				CLANG_WARN_ENUM_CONVERSION = YES;
				CLANG_WARN_INFINITE_RECURSION = YES;
				CLANG_WARN_INT_CONVERSION = YES;
				CLANG_WARN_NON_LITERAL_NULL_CONVERSION = YES;
				CLANG_WARN_OBJC_IMPLICIT_RETAIN_SELF = YES;
				CLANG_WARN_OBJC_LITERAL_CONVERSION = YES;
				CLANG_WARN_OBJC_ROOT_CLASS = YES_ERROR;
				CLANG_WARN_QUOTED_INCLUDE_IN_FRAMEWORK_HEADER = YES;
				CLANG_WARN_RANGE_LOOP_ANALYSIS = YES;
				CLANG_WARN_STRICT_PROTOTYPES = YES;
				CLANG_WARN_SUSPICIOUS_MOVE = YES;
				CLANG_WARN_UNGUARDED_AVAILABILITY = YES_AGGRESSIVE;
				CLANG_WARN_UNREACHABLE_CODE = YES;
				CLANG_WARN__DUPLICATE_METHOD_MATCH = YES;
				COPY_PHASE_STRIP = NO;
				DEBUG_INFORMATION_FORMAT = dwarf;
				ENABLE_STRICT_OBJC_MSGSEND = YES;
				ENABLE_TESTABILITY = YES;
				ENABLE_USER_SCRIPT_SANDBOXING = YES;
				GCC_C_LANGUAGE_STANDARD = gnu17;
				GCC_DYNAMIC_NO_PIC = NO;
				GCC_NO_COMMON_BLOCKS = YES;
				GCC_OPTIMIZATION_LEVEL = 0;
				GCC_PREPROCESSOR_DEFINITIONS = (
					"DEBUG=1",
					"$(inherited)",
				);
				GCC_WARN_64_TO_32_BIT_CONVERSION = YES;
				GCC_WARN_ABOUT_RETURN_TYPE = YES_ERROR;
				GCC_WARN_UNDECLARED_SELECTOR = YES;
				GCC_WARN_UNINITIALIZED_AUTOS = YES_AGGRESSIVE;
				GCC_WARN_UNUSED_FUNCTION = YES;
				GCC_WARN_UNUSED_VARIABLE = YES;
				IPHONEOS_DEPLOYMENT_TARGET = 17.2;
				LOCALIZATION_PREFERS_STRING_CATALOGS = YES;
				MTL_ENABLE_DEBUG_INFO = INCLUDE_SOURCE;
				MTL_FAST_MATH = YES;
				ONLY_ACTIVE_ARCH = YES;
				SDKROOT = iphoneos;
				SWIFT_ACTIVE_COMPILATION_CONDITIONS = "DEBUG $(inherited)";
				SWIFT_OPTIMIZATION_LEVEL = "-Onone";
			};
			name = Debug;
		};
		FAD72CD92B89DE3400EFACDD /* Release */ = {
			isa = XCBuildConfiguration;
			buildSettings = {
				ALWAYS_SEARCH_USER_PATHS = NO;
				ASSETCATALOG_COMPILER_GENERATE_SWIFT_ASSET_SYMBOL_EXTENSIONS = YES;
				CLANG_ANALYZER_NONNULL = YES;
				CLANG_ANALYZER_NUMBER_OBJECT_CONVERSION = YES_AGGRESSIVE;
				CLANG_CXX_LANGUAGE_STANDARD = "gnu++20";
				CLANG_ENABLE_MODULES = YES;
				CLANG_ENABLE_OBJC_ARC = YES;
				CLANG_ENABLE_OBJC_WEAK = YES;
				CLANG_WARN_BLOCK_CAPTURE_AUTORELEASING = YES;
				CLANG_WARN_BOOL_CONVERSION = YES;
				CLANG_WARN_COMMA = YES;
				CLANG_WARN_CONSTANT_CONVERSION = YES;
				CLANG_WARN_DEPRECATED_OBJC_IMPLEMENTATIONS = YES;
				CLANG_WARN_DIRECT_OBJC_ISA_USAGE = YES_ERROR;
				CLANG_WARN_DOCUMENTATION_COMMENTS = YES;
				CLANG_WARN_EMPTY_BODY = YES;
				CLANG_WARN_ENUM_CONVERSION = YES;
				CLANG_WARN_INFINITE_RECURSION = YES;
				CLANG_WARN_INT_CONVERSION = YES;
				CLANG_WARN_NON_LITERAL_NULL_CONVERSION = YES;
				CLANG_WARN_OBJC_IMPLICIT_RETAIN_SELF = YES;
				CLANG_WARN_OBJC_LITERAL_CONVERSION = YES;
				CLANG_WARN_OBJC_ROOT_CLASS = YES_ERROR;
				CLANG_WARN_QUOTED_INCLUDE_IN_FRAMEWORK_HEADER = YES;
				CLANG_WARN_RANGE_LOOP_ANALYSIS = YES;
				CLANG_WARN_STRICT_PROTOTYPES = YES;
				CLANG_WARN_SUSPICIOUS_MOVE = YES;
				CLANG_WARN_UNGUARDED_AVAILABILITY = YES_AGGRESSIVE;
				CLANG_WARN_UNREACHABLE_CODE = YES;
				CLANG_WARN__DUPLICATE_METHOD_MATCH = YES;
				COPY_PHASE_STRIP = NO;
				DEBUG_INFORMATION_FORMAT = "dwarf-with-dsym";
				ENABLE_NS_ASSERTIONS = NO;
				ENABLE_STRICT_OBJC_MSGSEND = YES;
				ENABLE_USER_SCRIPT_SANDBOXING = YES;
				GCC_C_LANGUAGE_STANDARD = gnu17;
				GCC_NO_COMMON_BLOCKS = YES;
				GCC_WARN_64_TO_32_BIT_CONVERSION = YES;
				GCC_WARN_ABOUT_RETURN_TYPE = YES_ERROR;
				GCC_WARN_UNDECLARED_SELECTOR = YES;
				GCC_WARN_UNINITIALIZED_AUTOS = YES_AGGRESSIVE;
				GCC_WARN_UNUSED_FUNCTION = YES;
				GCC_WARN_UNUSED_VARIABLE = YES;
				IPHONEOS_DEPLOYMENT_TARGET = 17.2;
				LOCALIZATION_PREFERS_STRING_CATALOGS = YES;
				MTL_ENABLE_DEBUG_INFO = NO;
				MTL_FAST_MATH = YES;
				SDKROOT = iphoneos;
				SWIFT_COMPILATION_MODE = wholemodule;
				VALIDATE_PRODUCT = YES;
			};
			name = Release;
		};
		FAD72CDB2B89DE3400EFACDD /* Debug */ = {
			isa = XCBuildConfiguration;
			buildSettings = {
				ASSETCATALOG_COMPILER_APPICON_NAME = AppIcon;
				ASSETCATALOG_COMPILER_GLOBAL_ACCENT_COLOR_NAME = AccentColor;
				CODE_SIGN_STYLE = Automatic;
				CURRENT_PROJECT_VERSION = 1;
				DEVELOPMENT_ASSET_PATHS = "\"Notes/Preview Content\"";
				DEVELOPMENT_TEAM = XC2749YQ74;
				ENABLE_PREVIEWS = YES;
				GENERATE_INFOPLIST_FILE = YES;
				INFOPLIST_KEY_UIApplicationSceneManifest_Generation = YES;
				INFOPLIST_KEY_UIApplicationSupportsIndirectInputEvents = YES;
				INFOPLIST_KEY_UILaunchScreen_Generation = YES;
				INFOPLIST_KEY_UISupportedInterfaceOrientations_iPad = "UIInterfaceOrientationPortrait UIInterfaceOrientationPortraitUpsideDown UIInterfaceOrientationLandscapeLeft UIInterfaceOrientationLandscapeRight";
				INFOPLIST_KEY_UISupportedInterfaceOrientations_iPhone = "UIInterfaceOrientationPortrait UIInterfaceOrientationLandscapeLeft UIInterfaceOrientationLandscapeRight";
				LD_RUNPATH_SEARCH_PATHS = (
					"$(inherited)",
					"@executable_path/Frameworks",
				);
				MARKETING_VERSION = 1.0;
				PRODUCT_BUNDLE_IDENTIFIER = com.allanmuturi.Notes;
				PRODUCT_NAME = "$(TARGET_NAME)";
				SWIFT_EMIT_LOC_STRINGS = YES;
				SWIFT_VERSION = 5.0;
				TARGETED_DEVICE_FAMILY = "1,2";
			};
			name = Debug;
		};
		FAD72CDC2B89DE3400EFACDD /* Release */ = {
			isa = XCBuildConfiguration;
			buildSettings = {
				ASSETCATALOG_COMPILER_APPICON_NAME = AppIcon;
				ASSETCATALOG_COMPILER_GLOBAL_ACCENT_COLOR_NAME = AccentColor;
				CODE_SIGN_STYLE = Automatic;
				CURRENT_PROJECT_VERSION = 1;
				DEVELOPMENT_ASSET_PATHS = "\"Notes/Preview Content\"";
				DEVELOPMENT_TEAM = XC2749YQ74;
				ENABLE_PREVIEWS = YES;
				GENERATE_INFOPLIST_FILE = YES;
				INFOPLIST_KEY_UIApplicationSceneManifest_Generation = YES;
				INFOPLIST_KEY_UIApplicationSupportsIndirectInputEvents = YES;
				INFOPLIST_KEY_UILaunchScreen_Generation = YES;
				INFOPLIST_KEY_UISupportedInterfaceOrientations_iPad = "UIInterfaceOrientationPortrait UIInterfaceOrientationPortraitUpsideDown UIInterfaceOrientationLandscapeLeft UIInterfaceOrientationLandscapeRight";
				INFOPLIST_KEY_UISupportedInterfaceOrientations_iPhone = "UIInterfaceOrientationPortrait UIInterfaceOrientationLandscapeLeft UIInterfaceOrientationLandscapeRight";
				LD_RUNPATH_SEARCH_PATHS = (
					"$(inherited)",
					"@executable_path/Frameworks",
				);
				MARKETING_VERSION = 1.0;
				PRODUCT_BUNDLE_IDENTIFIER = com.allanmuturi.Notes;
				PRODUCT_NAME = "$(TARGET_NAME)";
				SWIFT_EMIT_LOC_STRINGS = YES;
				SWIFT_VERSION = 5.0;
				TARGETED_DEVICE_FAMILY = "1,2";
			};
			name = Release;
		};
/* End XCBuildConfiguration section */

/* Begin XCConfigurationList section */
		FAD72CC72B89DE3100EFACDD /* Build configuration list for PBXProject "Notes" */ = {
			isa = XCConfigurationList;
			buildConfigurations = (
				FAD72CD82B89DE3400EFACDD /* Debug */,
				FAD72CD92B89DE3400EFACDD /* Release */,
			);
			defaultConfigurationIsVisible = 0;
			defaultConfigurationName = Release;
		};
		FAD72CDA2B89DE3400EFACDD /* Build configuration list for PBXNativeTarget "Notes" */ = {
			isa = XCConfigurationList;
			buildConfigurations = (
				FAD72CDB2B89DE3400EFACDD /* Debug */,
				FAD72CDC2B89DE3400EFACDD /* Release */,
			);
			defaultConfigurationIsVisible = 0;
			defaultConfigurationName = Release;
		};
/* End XCConfigurationList section */
	};
	rootObject = FAD72CC42B89DE3100EFACDD /* Project object */;
}
